{
  "name": "platforms-1",
  "version": "1.0.0",
  "lockfileVersion": 2,
  "requires": true,
  "packages": {
    "": {
      "name": "platforms-1",
      "version": "1.0.0",
      "license": "ISC",
      "dependencies": {
        "@shinsergey/ajs": "^1.0.0"
      },
      "devDependencies": {}
    },
    "node_modules/@shinsergey/ajs": {
      "version": "1.0.0",
      "resolved": "https://npm.pkg.github.com/download/@shinsergey/ajs/1.0.0/38b1876058e79a0210a6bb1d70ebb9411a14e195aae4dd130c4e9beca2261484",
      "integrity": "sha512-eugcgb+THAA6EnrSWAiOHn3pnx/al1TiqqmWXJsSNU5UR7uYCb/xYLZ1NBtFhCstElxdUsuiBxN4dCI8xKNNeQ==",
      "license": "ISC"
    }
  },
  "dependencies": {
    "@shinsergey/ajs": {
      "version": "1.0.0",
      "resolved": "https://npm.pkg.github.com/download/@shinsergey/ajs/1.0.0/38b1876058e79a0210a6bb1d70ebb9411a14e195aae4dd130c4e9beca2261484",
      "integrity": "sha512-eugcgb+THAA6EnrSWAiOHn3pnx/al1TiqqmWXJsSNU5UR7uYCb/xYLZ1NBtFhCstElxdUsuiBxN4dCI8xKNNeQ=="
    }
  }
}
